
Microsoft Visual Studio Solution File, Format Version 12.00
# Visual Studio 15
VisualStudioVersion = 15.0.28307.421
MinimumVisualStudioVersion = 10.0.40219.1
Project("{FAE04EC0-301F-11D3-BF4B-00C04F79EFBC}") = "Tailf", "Tailf\Tailf.csproj", "{2F88847E-0A38-433A-A869-90D2447D92D2}"
EndProject
Project("{FAE04EC0-301F-11D3-BF4B-00C04F79EFBC}") = "TailfDll", "TailfDll\TailfDll.csproj", "{B5D65DCF-45FF-4D8A-BC1C-71DA277BD7D1}"
EndProject
Project("{2150E333-8FDC-42A3-9474-1A3956D46DE8}") = "Solution Items", "Solution Items", "{77E0FBBA-FF08-42CE-9A35-B8D93ACA9501}"
	ProjectSection(SolutionItems) = preProject
		license.txt = license.txt
		ReadMe.txt = ReadMe.txt
	EndProjectSection
EndProject
Global
	GlobalSection(SolutionConfigurationPlatforms) = preSolution
		Debug|Any CPU = Debug|Any CPU
		Release|Any CPU = Release|Any CPU
	EndGlobalSection
	GlobalSection(ProjectConfigurationPlatforms) = postSolution
		{2F88847E-0A38-433A-A869-90D2447D92D2}.Debug|Any CPU.ActiveCfg = Debug|Any CPU
		{2F88847E-0A38-433A-A869-90D2447D92D2}.Debug|Any CPU.Build.0 = Debug|Any CPU
		{2F88847E-0A38-433A-A869-90D2447D92D2}.Release|Any CPU.ActiveCfg = Release|Any CPU
		{2F88847E-0A38-433A-A869-90D2447D92D2}.Release|Any CPU.Build.0 = Release|Any CPU
		{B5D65DCF-45FF-4D8A-BC1C-71DA277BD7D1}.Debug|Any CPU.ActiveCfg = Debug|Any CPU
		{B5D65DCF-45FF-4D8A-BC1C-71DA277BD7D1}.Debug|Any CPU.Build.0 = Debug|Any CPU
		{B5D65DCF-45FF-4D8A-BC1C-71DA277BD7D1}.Release|Any CPU.ActiveCfg = Release|Any CPU
		{B5D65DCF-45FF-4D8A-BC1C-71DA277BD7D1}.Release|Any CPU.Build.0 = Release|Any CPU
	EndGlobalSection
	GlobalSection(SolutionProperties) = preSolution
		HideSolutionNode = FALSE
	EndGlobalSection
	GlobalSection(ExtensibilityGlobals) = postSolution
		SolutionGuid = {036AE036-AB7E-40FC-B568-D0C1AD905D54}
	EndGlobalSection
EndGlobal
